
Microsoft Visual Studio Solution File, Format Version 12.00
# Visual Studio Version 16
VisualStudioVersion = 16.0.30711.63
MinimumVisualStudioVersion = 10.0.40219.1
Project("{2150E333-8FDC-42A3-9474-1A3956D46DE8}") = "tests", "tests", "{3CB1E5A9-9A70-421B-BDFD-E9DCDCE7B72E}"
EndProject
Project("{FAE04EC0-301F-11D3-BF4B-00C04F79EFBC}") = "Mongo.Tests", "tests\Mongo.Tests\Mongo.Tests.csproj", "{C4C66B4F-E525-4CF6-B076-CA484D748D20}"
EndProject
Global
	GlobalSection(SolutionConfigurationPlatforms) = preSolution
		Debug|Any CPU = Debug|Any CPU
		Release|Any CPU = Release|Any CPU
	EndGlobalSection
	GlobalSection(ProjectConfigurationPlatforms) = postSolution
		{C4C66B4F-E525-4CF6-B076-CA484D748D20}.Debug|Any CPU.ActiveCfg = Debug|Any CPU
		{C4C66B4F-E525-4CF6-B076-CA484D748D20}.Debug|Any CPU.Build.0 = Debug|Any CPU
		{C4C66B4F-E525-4CF6-B076-CA484D748D20}.Release|Any CPU.ActiveCfg = Release|Any CPU
		{C4C66B4F-E525-4CF6-B076-CA484D748D20}.Release|Any CPU.Build.0 = Release|Any CPU
	EndGlobalSection
	GlobalSection(SolutionProperties) = preSolution
		HideSolutionNode = FALSE
	EndGlobalSection
	GlobalSection(NestedProjects) = preSolution
		{C4C66B4F-E525-4CF6-B076-CA484D748D20} = {3CB1E5A9-9A70-421B-BDFD-E9DCDCE7B72E}
	EndGlobalSection
	GlobalSection(ExtensibilityGlobals) = postSolution
		SolutionGuid = {BDE7244D-6D7E-4896-8808-7CFC0C56F5B7}
	EndGlobalSection
EndGlobal
